// !$*UTF8*$!
{
	archiveVersion = 1;
	classes = {
	};
	objectVersion = 46;
	objects = {

/* Begin PBXBuildFile section */
		A029134E18787EC7008A4113 /* Foundation.framework in Frameworks */ = {isa = PBXBuildFile; fileRef = A029134D18787EC7008A4113 /* Foundation.framework */; };
		A029135018787EC7008A4113 /* CoreGraphics.framework in Frameworks */ = {isa = PBXBuildFile; fileRef = A029134F18787EC7008A4113 /* CoreGraphics.framework */; };
		A029135218787EC7008A4113 /* UIKit.framework in Frameworks */ = {isa = PBXBuildFile; fileRef = A029135118787EC7008A4113 /* UIKit.framework */; };
		A029135818787EC7008A4113 /* InfoPlist.strings in Resources */ = {isa = PBXBuildFile; fileRef = A029135618787EC7008A4113 /* InfoPlist.strings */; };
		A029135A18787EC7008A4113 /* main.m in Sources */ = {isa = PBXBuildFile; fileRef = A029135918787EC7008A4113 /* main.m */; };
		A029135E18787EC7008A4113 /* lessionAppDelegate.m in Sources */ = {isa = PBXBuildFile; fileRef = A029135D18787EC7008A4113 /* lessionAppDelegate.m */; };
		A029136118787EC7008A4113 /* Main.storyboard in Resources */ = {isa = PBXBuildFile; fileRef = A029135F18787EC7008A4113 /* Main.storyboard */; };
		A029136418787EC7008A4113 /* lessionViewController.m in Sources */ = {isa = PBXBuildFile; fileRef = A029136318787EC7008A4113 /* lessionViewController.m */; };
		A029136618787EC7008A4113 /* Images.xcassets in Resources */ = {isa = PBXBuildFile; fileRef = A029136518787EC7008A4113 /* Images.xcassets */; };
		A029136D18787EC7008A4113 /* XCTest.framework in Frameworks */ = {isa = PBXBuildFile; fileRef = A029136C18787EC7008A4113 /* XCTest.framework */; };
		A029136E18787EC7008A4113 /* Foundation.framework in Frameworks */ = {isa = PBXBuildFile; fileRef = A029134D18787EC7008A4113 /* Foundation.framework */; };
		A029136F18787EC7008A4113 /* UIKit.framework in Frameworks */ = {isa = PBXBuildFile; fileRef = A029135118787EC7008A4113 /* UIKit.framework */; };
		A029137718787EC7008A4113 /* InfoPlist.strings in Resources */ = {isa = PBXBuildFile; fileRef = A029137518787EC7008A4113 /* InfoPlist.strings */; };
		A029137918787EC7008A4113 /* lession20140104Tests.m in Sources */ = {isa = PBXBuildFile; fileRef = A029137818787EC7008A4113 /* lession20140104Tests.m */; };
		A0A619311879C60800CAFCF4 /* glossy_button_blank_blue_rectangle.png in Resources */ = {isa = PBXBuildFile; fileRef = A0A619301879C60800CAFCF4 /* glossy_button_blank_blue_rectangle.png */; };
		A0A619351879D2C200CAFCF4 /* Employee.m in Sources */ = {isa = PBXBuildFile; fileRef = A0A619341879D2C200CAFCF4 /* Employee.m */; };
		A0A619381879D50D00CAFCF4 /* EmployeeOffice.m in Sources */ = {isa = PBXBuildFile; fileRef = A0A619371879D50D00CAFCF4 /* EmployeeOffice.m */; };
		A0A6193B1879D8C400CAFCF4 /* EmployeeSale.m in Sources */ = {isa = PBXBuildFile; fileRef = A0A6193A1879D8C400CAFCF4 /* EmployeeSale.m */; };
		A0A6193E1879D8DA00CAFCF4 /* EmployeeProduct.m in Sources */ = {isa = PBXBuildFile; fileRef = A0A6193D1879D8DA00CAFCF4 /* EmployeeProduct.m */; };
		A0A619411879DDE800CAFCF4 /* EmployeeManager.m in Sources */ = {isa = PBXBuildFile; fileRef = A0A619401879DDE800CAFCF4 /* EmployeeManager.m */; };
		A0A619461879E29200CAFCF4 /* architetto_tasto_1_115876.jpg in Resources */ = {isa = PBXBuildFile; fileRef = A0A619421879E29200CAFCF4 /* architetto_tasto_1_115876.jpg */; };
		A0A619471879E29200CAFCF4 /* Gradient-5.png in Resources */ = {isa = PBXBuildFile; fileRef = A0A619431879E29200CAFCF4 /* Gradient-5.png */; };
		A0A619481879E29200CAFCF4 /* orange-rectangle-button-hi.png in Resources */ = {isa = PBXBuildFile; fileRef = A0A619441879E29200CAFCF4 /* orange-rectangle-button-hi.png */; };
		A0A619491879E29200CAFCF4 /* rounded_rectangle_0525.jpg in Resources */ = {isa = PBXBuildFile; fileRef = A0A619451879E29200CAFCF4 /* rounded_rectangle_0525.jpg */; };
/* End PBXBuildFile section */

/* Begin PBXContainerItemProxy section */
		A029137018787EC7008A4113 /* PBXContainerItemProxy */ = {
			isa = PBXContainerItemProxy;
			containerPortal = A029134218787EC7008A4113 /* Project object */;
			proxyType = 1;
			remoteGlobalIDString = A029134918787EC7008A4113;
			remoteInfo = lession20140104;
		};
/* End PBXContainerItemProxy section */

/* Begin PBXFileReference section */
		A029134A18787EC7008A4113 /* lession20140104.app */ = {isa = PBXFileReference; explicitFileType = wrapper.application; includeInIndex = 0; path = lession20140104.app; sourceTree = BUILT_PRODUCTS_DIR; };
		A029134D18787EC7008A4113 /* Foundation.framework */ = {isa = PBXFileReference; lastKnownFileType = wrapper.framework; name = Foundation.framework; path = System/Library/Frameworks/Foundation.framework; sourceTree = SDKROOT; };
		A029134F18787EC7008A4113 /* CoreGraphics.framework */ = {isa = PBXFileReference; lastKnownFileType = wrapper.framework; name = CoreGraphics.framework; path = System/Library/Frameworks/CoreGraphics.framework; sourceTree = SDKROOT; };
		A029135118787EC7008A4113 /* UIKit.framework */ = {isa = PBXFileReference; lastKnownFileType = wrapper.framework; name = UIKit.framework; path = System/Library/Frameworks/UIKit.framework; sourceTree = SDKROOT; };
		A029135518787EC7008A4113 /* lession20140104-Info.plist */ = {isa = PBXFileReference; lastKnownFileType = text.plist.xml; path = "lession20140104-Info.plist"; sourceTree = "<group>"; };
		A029135718787EC7008A4113 /* en */ = {isa = PBXFileReference; lastKnownFileType = text.plist.strings; name = en; path = en.lproj/InfoPlist.strings; sourceTree = "<group>"; };
		A029135918787EC7008A4113 /* main.m */ = {isa = PBXFileReference; lastKnownFileType = sourcecode.c.objc; path = main.m; sourceTree = "<group>"; };
		A029135B18787EC7008A4113 /* lession20140104-Prefix.pch */ = {isa = PBXFileReference; lastKnownFileType = sourcecode.c.h; path = "lession20140104-Prefix.pch"; sourceTree = "<group>"; };
		A029135C18787EC7008A4113 /* lessionAppDelegate.h */ = {isa = PBXFileReference; lastKnownFileType = sourcecode.c.h; path = lessionAppDelegate.h; sourceTree = "<group>"; };
		A029135D18787EC7008A4113 /* lessionAppDelegate.m */ = {isa = PBXFileReference; lastKnownFileType = sourcecode.c.objc; path = lessionAppDelegate.m; sourceTree = "<group>"; };
		A029136018787EC7008A4113 /* Base */ = {isa = PBXFileReference; lastKnownFileType = file.storyboard; name = Base; path = Base.lproj/Main.storyboard; sourceTree = "<group>"; };
		A029136218787EC7008A4113 /* lessionViewController.h */ = {isa = PBXFileReference; lastKnownFileType = sourcecode.c.h; path = lessionViewController.h; sourceTree = "<group>"; };
		A029136318787EC7008A4113 /* lessionViewController.m */ = {isa = PBXFileReference; lastKnownFileType = sourcecode.c.objc; path = lessionViewController.m; sourceTree = "<group>"; };
		A029136518787EC7008A4113 /* Images.xcassets */ = {isa = PBXFileReference; lastKnownFileType = folder.assetcatalog; path = Images.xcassets; sourceTree = "<group>"; };
		A029136B18787EC7008A4113 /* lession20140104Tests.xctest */ = {isa = PBXFileReference; explicitFileType = wrapper.cfbundle; includeInIndex = 0; path = lession20140104Tests.xctest; sourceTree = BUILT_PRODUCTS_DIR; };
		A029136C18787EC7008A4113 /* XCTest.framework */ = {isa = PBXFileReference; lastKnownFileType = wrapper.framework; name = XCTest.framework; path = Library/Frameworks/XCTest.framework; sourceTree = DEVELOPER_DIR; };
		A029137418787EC7008A4113 /* lession20140104Tests-Info.plist */ = {isa = PBXFileReference; lastKnownFileType = text.plist.xml; path = "lession20140104Tests-Info.plist"; sourceTree = "<group>"; };
		A029137618787EC7008A4113 /* en */ = {isa = PBXFileReference; lastKnownFileType = text.plist.strings; name = en; path = en.lproj/InfoPlist.strings; sourceTree = "<group>"; };
		A029137818787EC7008A4113 /* lession20140104Tests.m */ = {isa = PBXFileReference; lastKnownFileType = sourcecode.c.objc; path = lession20140104Tests.m; sourceTree = "<group>"; };
		A0A619301879C60800CAFCF4 /* glossy_button_blank_blue_rectangle.png */ = {isa = PBXFileReference; lastKnownFileType = image.png; path = glossy_button_blank_blue_rectangle.png; sourceTree = "<group>"; };
		A0A619331879D2C200CAFCF4 /* Employee.h */ = {isa = PBXFileReference; fileEncoding = 4; lastKnownFileType = sourcecode.c.h; path = Employee.h; sourceTree = "<group>"; };
		A0A619341879D2C200CAFCF4 /* Employee.m */ = {isa = PBXFileReference; fileEncoding = 4; lastKnownFileType = sourcecode.c.objc; path = Employee.m; sourceTree = "<group>"; };
		A0A619361879D50D00CAFCF4 /* EmployeeOffice.h */ = {isa = PBXFileReference; fileEncoding = 4; lastKnownFileType = sourcecode.c.h; path = EmployeeOffice.h; sourceTree = "<group>"; };
		A0A619371879D50D00CAFCF4 /* EmployeeOffice.m */ = {isa = PBXFileReference; fileEncoding = 4; lastKnownFileType = sourcecode.c.objc; path = EmployeeOffice.m; sourceTree = "<group>"; };
		A0A619391879D8C400CAFCF4 /* EmployeeSale.h */ = {isa = PBXFileReference; fileEncoding = 4; lastKnownFileType = sourcecode.c.h; path = EmployeeSale.h; sourceTree = "<group>"; };
		A0A6193A1879D8C400CAFCF4 /* EmployeeSale.m */ = {isa = PBXFileReference; fileEncoding = 4; lastKnownFileType = sourcecode.c.objc; path = EmployeeSale.m; sourceTree = "<group>"; };
		A0A6193C1879D8DA00CAFCF4 /* EmployeeProduct.h */ = {isa = PBXFileReference; fileEncoding = 4; lastKnownFileType = sourcecode.c.h; path = EmployeeProduct.h; sourceTree = "<group>"; };
		A0A6193D1879D8DA00CAFCF4 /* EmployeeProduct.m */ = {isa = PBXFileReference; fileEncoding = 4; lastKnownFileType = sourcecode.c.objc; path = EmployeeProduct.m; sourceTree = "<group>"; };
		A0A6193F1879DDE800CAFCF4 /* EmployeeManager.h */ = {isa = PBXFileReference; fileEncoding = 4; lastKnownFileType = sourcecode.c.h; path = EmployeeManager.h; sourceTree = "<group>"; };
		A0A619401879DDE800CAFCF4 /* EmployeeManager.m */ = {isa = PBXFileReference; fileEncoding = 4; lastKnownFileType = sourcecode.c.objc; path = EmployeeManager.m; sourceTree = "<group>"; };
		A0A619421879E29200CAFCF4 /* architetto_tasto_1_115876.jpg */ = {isa = PBXFileReference; lastKnownFileType = image.jpeg; path = architetto_tasto_1_115876.jpg; sourceTree = "<group>"; };
		A0A619431879E29200CAFCF4 /* Gradient-5.png */ = {isa = PBXFileReference; lastKnownFileType = image.png; path = "Gradient-5.png"; sourceTree = "<group>"; };
		A0A619441879E29200CAFCF4 /* orange-rectangle-button-hi.png */ = {isa = PBXFileReference; lastKnownFileType = image.png; path = "orange-rectangle-button-hi.png"; sourceTree = "<group>"; };
		A0A619451879E29200CAFCF4 /* rounded_rectangle_0525.jpg */ = {isa = PBXFileReference; lastKnownFileType = image.jpeg; path = rounded_rectangle_0525.jpg; sourceTree = "<group>"; };
/* End PBXFileReference section */

/* Begin PBXFrameworksBuildPhase section */
		A029134718787EC7008A4113 /* Frameworks */ = {
			isa = PBXFrameworksBuildPhase;
			buildActionMask = 2147483647;
			files = (
				A029135018787EC7008A4113 /* CoreGraphics.framework in Frameworks */,
				A029135218787EC7008A4113 /* UIKit.framework in Frameworks */,
				A029134E18787EC7008A4113 /* Foundation.framework in Frameworks */,
			);
			runOnlyForDeploymentPostprocessing = 0;
		};
		A029136818787EC7008A4113 /* Frameworks */ = {
			isa = PBXFrameworksBuildPhase;
			buildActionMask = 2147483647;
			files = (
				A029136D18787EC7008A4113 /* XCTest.framework in Frameworks */,
				A029136F18787EC7008A4113 /* UIKit.framework in Frameworks */,
				A029136E18787EC7008A4113 /* Foundation.framework in Frameworks */,
			);
			runOnlyForDeploymentPostprocessing = 0;
		};
/* End PBXFrameworksBuildPhase section */

/* Begin PBXGroup section */
		A029134118787EC7008A4113 = {
			isa = PBXGroup;
			children = (
				A029135318787EC7008A4113 /* lession20140104 */,
				A029137218787EC7008A4113 /* lession20140104Tests */,
				A029134C18787EC7008A4113 /* Frameworks */,
				A029134B18787EC7008A4113 /* Products */,
			);
			sourceTree = "<group>";
		};
		A029134B18787EC7008A4113 /* Products */ = {
			isa = PBXGroup;
			children = (
				A029134A18787EC7008A4113 /* lession20140104.app */,
				A029136B18787EC7008A4113 /* lession20140104Tests.xctest */,
			);
			name = Products;
			sourceTree = "<group>";
		};
		A029134C18787EC7008A4113 /* Frameworks */ = {
			isa = PBXGroup;
			children = (
				A029134D18787EC7008A4113 /* Foundation.framework */,
				A029134F18787EC7008A4113 /* CoreGraphics.framework */,
				A029135118787EC7008A4113 /* UIKit.framework */,
				A029136C18787EC7008A4113 /* XCTest.framework */,
			);
			name = Frameworks;
			sourceTree = "<group>";
		};
		A029135318787EC7008A4113 /* lession20140104 */ = {
			isa = PBXGroup;
			children = (
				A0A619321879D16B00CAFCF4 /* Model */,
				A0A6192F1879C33400CAFCF4 /* Res */,
				A029135C18787EC7008A4113 /* lessionAppDelegate.h */,
				A029135D18787EC7008A4113 /* lessionAppDelegate.m */,
				A029135F18787EC7008A4113 /* Main.storyboard */,
				A029136218787EC7008A4113 /* lessionViewController.h */,
				A029136318787EC7008A4113 /* lessionViewController.m */,
				A029136518787EC7008A4113 /* Images.xcassets */,
				A029135418787EC7008A4113 /* Supporting Files */,
			);
			path = lession20140104;
			sourceTree = "<group>";
		};
		A029135418787EC7008A4113 /* Supporting Files */ = {
			isa = PBXGroup;
			children = (
				A029135518787EC7008A4113 /* lession20140104-Info.plist */,
				A029135618787EC7008A4113 /* InfoPlist.strings */,
				A029135918787EC7008A4113 /* main.m */,
				A029135B18787EC7008A4113 /* lession20140104-Prefix.pch */,
			);
			name = "Supporting Files";
			sourceTree = "<group>";
		};
		A029137218787EC7008A4113 /* lession20140104Tests */ = {
			isa = PBXGroup;
			children = (
				A029137818787EC7008A4113 /* lession20140104Tests.m */,
				A029137318787EC7008A4113 /* Supporting Files */,
			);
			path = lession20140104Tests;
			sourceTree = "<group>";
		};
		A029137318787EC7008A4113 /* Supporting Files */ = {
			isa = PBXGroup;
			children = (
				A029137418787EC7008A4113 /* lession20140104Tests-Info.plist */,
				A029137518787EC7008A4113 /* InfoPlist.strings */,
			);
			name = "Supporting Files";
			sourceTree = "<group>";
		};
		A0A6192F1879C33400CAFCF4 /* Res */ = {
			isa = PBXGroup;
			children = (
				A0A619421879E29200CAFCF4 /* architetto_tasto_1_115876.jpg */,
				A0A619431879E29200CAFCF4 /* Gradient-5.png */,
				A0A619441879E29200CAFCF4 /* orange-rectangle-button-hi.png */,
				A0A619451879E29200CAFCF4 /* rounded_rectangle_0525.jpg */,
				A0A619301879C60800CAFCF4 /* glossy_button_blank_blue_rectangle.png */,
			);
			name = Res;
			sourceTree = "<group>";
		};
		A0A619321879D16B00CAFCF4 /* Model */ = {
			isa = PBXGroup;
			children = (
				A0A619331879D2C200CAFCF4 /* Employee.h */,
				A0A619341879D2C200CAFCF4 /* Employee.m */,
				A0A619361879D50D00CAFCF4 /* EmployeeOffice.h */,
				A0A619371879D50D00CAFCF4 /* EmployeeOffice.m */,
				A0A619391879D8C400CAFCF4 /* EmployeeSale.h */,
				A0A6193A1879D8C400CAFCF4 /* EmployeeSale.m */,
				A0A6193C1879D8DA00CAFCF4 /* EmployeeProduct.h */,
				A0A6193D1879D8DA00CAFCF4 /* EmployeeProduct.m */,
				A0A6193F1879DDE800CAFCF4 /* EmployeeManager.h */,
				A0A619401879DDE800CAFCF4 /* EmployeeManager.m */,
			);
			name = Model;
			sourceTree = "<group>";
		};
/* End PBXGroup section */

/* Begin PBXNativeTarget section */
		A029134918787EC7008A4113 /* lession20140104 */ = {
			isa = PBXNativeTarget;
			buildConfigurationList = A029137C18787EC7008A4113 /* Build configuration list for PBXNativeTarget "lession20140104" */;
			buildPhases = (
				A029134618787EC7008A4113 /* Sources */,
				A029134718787EC7008A4113 /* Frameworks */,
				A029134818787EC7008A4113 /* Resources */,
			);
			buildRules = (
			);
			dependencies = (
			);
			name = lession20140104;
			productName = lession20140104;
			productReference = A029134A18787EC7008A4113 /* lession20140104.app */;
			productType = "com.apple.product-type.application";
		};
		A029136A18787EC7008A4113 /* lession20140104Tests */ = {
			isa = PBXNativeTarget;
			buildConfigurationList = A029137F18787EC7008A4113 /* Build configuration list for PBXNativeTarget "lession20140104Tests" */;
			buildPhases = (
				A029136718787EC7008A4113 /* Sources */,
				A029136818787EC7008A4113 /* Frameworks */,
				A029136918787EC7008A4113 /* Resources */,
			);
			buildRules = (
			);
			dependencies = (
				A029137118787EC7008A4113 /* PBXTargetDependency */,
			);
			name = lession20140104Tests;
			productName = lession20140104Tests;
			productReference = A029136B18787EC7008A4113 /* lession20140104Tests.xctest */;
			productType = "com.apple.product-type.bundle.unit-test";
		};
/* End PBXNativeTarget section */

/* Begin PBXProject section */
		A029134218787EC7008A4113 /* Project object */ = {
			isa = PBXProject;
			attributes = {
				CLASSPREFIX = lession;
				LastUpgradeCheck = 0500;
				ORGANIZATIONNAME = "Hiep Huynh";
				TargetAttributes = {
					A029136A18787EC7008A4113 = {
						TestTargetID = A029134918787EC7008A4113;
					};
				};
			};
			buildConfigurationList = A029134518787EC7008A4113 /* Build configuration list for PBXProject "lession20140104" */;
			compatibilityVersion = "Xcode 3.2";
			developmentRegion = English;
			hasScannedForEncodings = 0;
			knownRegions = (
				en,
				Base,
			);
			mainGroup = A029134118787EC7008A4113;
			productRefGroup = A029134B18787EC7008A4113 /* Products */;
			projectDirPath = "";
			projectRoot = "";
			targets = (
				A029134918787EC7008A4113 /* lession20140104 */,
				A029136A18787EC7008A4113 /* lession20140104Tests */,
			);
		};
/* End PBXProject section */

/* Begin PBXResourcesBuildPhase section */
		A029134818787EC7008A4113 /* Resources */ = {
			isa = PBXResourcesBuildPhase;
			buildActionMask = 2147483647;
			files = (
				A0A619461879E29200CAFCF4 /* architetto_tasto_1_115876.jpg in Resources */,
				A0A619491879E29200CAFCF4 /* rounded_rectangle_0525.jpg in Resources */,
				A0A619481879E29200CAFCF4 /* orange-rectangle-button-hi.png in Resources */,
				A0A619471879E29200CAFCF4 /* Gradient-5.png in Resources */,
				A029136618787EC7008A4113 /* Images.xcassets in Resources */,
				A029135818787EC7008A4113 /* InfoPlist.strings in Resources */,
				A029136118787EC7008A4113 /* Main.storyboard in Resources */,
				A0A619311879C60800CAFCF4 /* glossy_button_blank_blue_rectangle.png in Resources */,
			);
			runOnlyForDeploymentPostprocessing = 0;
		};
		A029136918787EC7008A4113 /* Resources */ = {
			isa = PBXResourcesBuildPhase;
			buildActionMask = 2147483647;
			files = (
				A029137718787EC7008A4113 /* InfoPlist.strings in Resources */,
			);
			runOnlyForDeploymentPostprocessing = 0;
		};
/* End PBXResourcesBuildPhase section */

/* Begin PBXSourcesBuildPhase section */
		A029134618787EC7008A4113 /* Sources */ = {
			isa = PBXSourcesBuildPhase;
			buildActionMask = 2147483647;
			files = (
				A0A6193E1879D8DA00CAFCF4 /* EmployeeProduct.m in Sources */,
				A0A6193B1879D8C400CAFCF4 /* EmployeeSale.m in Sources */,
				A029136418787EC7008A4113 /* lessionViewController.m in Sources */,
				A0A619351879D2C200CAFCF4 /* Employee.m in Sources */,
				A0A619381879D50D00CAFCF4 /* EmployeeOffice.m in Sources */,
				A029135E18787EC7008A4113 /* lessionAppDelegate.m in Sources */,
				A029135A18787EC7008A4113 /* main.m in Sources */,
				A0A619411879DDE800CAFCF4 /* EmployeeManager.m in Sources */,
			);
			runOnlyForDeploymentPostprocessing = 0;
		};
		A029136718787EC7008A4113 /* Sources */ = {
			isa = PBXSourcesBuildPhase;
			buildActionMask = 2147483647;
			files = (
				A029137918787EC7008A4113 /* lession20140104Tests.m in Sources */,
			);
			runOnlyForDeploymentPostprocessing = 0;
		};
/* End PBXSourcesBuildPhase section */

/* Begin PBXTargetDependency section */
		A029137118787EC7008A4113 /* PBXTargetDependency */ = {
			isa = PBXTargetDependency;
			target = A029134918787EC7008A4113 /* lession20140104 */;
			targetProxy = A029137018787EC7008A4113 /* PBXContainerItemProxy */;
		};
/* End PBXTargetDependency section */

/* Begin PBXVariantGroup section */
		A029135618787EC7008A4113 /* InfoPlist.strings */ = {
			isa = PBXVariantGroup;
			children = (
				A029135718787EC7008A4113 /* en */,
			);
			name = InfoPlist.strings;
			sourceTree = "<group>";
		};
		A029135F18787EC7008A4113 /* Main.storyboard */ = {
			isa = PBXVariantGroup;
			children = (
				A029136018787EC7008A4113 /* Base */,
			);
			name = Main.storyboard;
			sourceTree = "<group>";
		};
		A029137518787EC7008A4113 /* InfoPlist.strings */ = {
			isa = PBXVariantGroup;
			children = (
				A029137618787EC7008A4113 /* en */,
			);
			name = InfoPlist.strings;
			sourceTree = "<group>";
		};
/* End PBXVariantGroup section */

/* Begin XCBuildConfiguration section */
		A029137A18787EC7008A4113 /* Debug */ = {
			isa = XCBuildConfiguration;
			buildSettings = {
				ALWAYS_SEARCH_USER_PATHS = NO;
				ARCHS = "$(ARCHS_STANDARD_INCLUDING_64_BIT)";
				CLANG_CXX_LANGUAGE_STANDARD = "gnu++0x";
				CLANG_CXX_LIBRARY = "libc++";
				CLANG_ENABLE_MODULES = YES;
				CLANG_ENABLE_OBJC_ARC = YES;
				CLANG_WARN_BOOL_CONVERSION = YES;
				CLANG_WARN_CONSTANT_CONVERSION = YES;
				CLANG_WARN_DIRECT_OBJC_ISA_USAGE = YES_ERROR;
				CLANG_WARN_EMPTY_BODY = YES;
				CLANG_WARN_ENUM_CONVERSION = YES;
				CLANG_WARN_INT_CONVERSION = YES;
				CLANG_WARN_OBJC_ROOT_CLASS = YES_ERROR;
				CLANG_WARN__DUPLICATE_METHOD_MATCH = YES;
				"CODE_SIGN_IDENTITY[sdk=iphoneos*]" = "iPhone Developer";
				COPY_PHASE_STRIP = NO;
				GCC_C_LANGUAGE_STANDARD = gnu99;
				GCC_DYNAMIC_NO_PIC = NO;
				GCC_OPTIMIZATION_LEVEL = 0;
				GCC_PREPROCESSOR_DEFINITIONS = (
					"DEBUG=1",
					"$(inherited)",
				);
				GCC_SYMBOLS_PRIVATE_EXTERN = NO;
				GCC_WARN_64_TO_32_BIT_CONVERSION = YES;
				GCC_WARN_ABOUT_RETURN_TYPE = YES_ERROR;
				GCC_WARN_UNDECLARED_SELECTOR = YES;
				GCC_WARN_UNINITIALIZED_AUTOS = YES;
				GCC_WARN_UNUSED_FUNCTION = YES;
				GCC_WARN_UNUSED_VARIABLE = YES;
				IPHONEOS_DEPLOYMENT_TARGET = 7.0;
				ONLY_ACTIVE_ARCH = YES;
				SDKROOT = iphoneos;
			};
			name = Debug;
		};
		A029137B18787EC7008A4113 /* Release */ = {
			isa = XCBuildConfiguration;
			buildSettings = {
				ALWAYS_SEARCH_USER_PATHS = NO;
				ARCHS = "$(ARCHS_STANDARD_INCLUDING_64_BIT)";
				CLANG_CXX_LANGUAGE_STANDARD = "gnu++0x";
				CLANG_CXX_LIBRARY = "libc++";
				CLANG_ENABLE_MODULES = YES;
				CLANG_ENABLE_OBJC_ARC = YES;
				CLANG_WARN_BOOL_CONVERSION = YES;
				CLANG_WARN_CONSTANT_CONVERSION = YES;
				CLANG_WARN_DIRECT_OBJC_ISA_USAGE = YES_ERROR;
				CLANG_WARN_EMPTY_BODY = YES;
				CLANG_WARN_ENUM_CONVERSION = YES;
				CLANG_WARN_INT_CONVERSION = YES;
				CLANG_WARN_OBJC_ROOT_CLASS = YES_ERROR;
				CLANG_WARN__DUPLICATE_METHOD_MATCH = YES;
				"CODE_SIGN_IDENTITY[sdk=iphoneos*]" = "iPhone Developer";
				COPY_PHASE_STRIP = YES;
				ENABLE_NS_ASSERTIONS = NO;
				GCC_C_LANGUAGE_STANDARD = gnu99;
				GCC_WARN_64_TO_32_BIT_CONVERSION = YES;
				GCC_WARN_ABOUT_RETURN_TYPE = YES_ERROR;
				GCC_WARN_UNDECLARED_SELECTOR = YES;
				GCC_WARN_UNINITIALIZED_AUTOS = YES;
				GCC_WARN_UNUSED_FUNCTION = YES;
				GCC_WARN_UNUSED_VARIABLE = YES;
				IPHONEOS_DEPLOYMENT_TARGET = 7.0;
				SDKROOT = iphoneos;
				VALIDATE_PRODUCT = YES;
			};
			name = Release;
		};
		A029137D18787EC7008A4113 /* Debug */ = {
			isa = XCBuildConfiguration;
			buildSettings = {
				ASSETCATALOG_COMPILER_APPICON_NAME = AppIcon;
				ASSETCATALOG_COMPILER_LAUNCHIMAGE_NAME = LaunchImage;
				GCC_PRECOMPILE_PREFIX_HEADER = YES;
				GCC_PREFIX_HEADER = "lession20140104/lession20140104-Prefix.pch";
				INFOPLIST_FILE = "lession20140104/lession20140104-Info.plist";
				PRODUCT_NAME = "$(TARGET_NAME)";
				WRAPPER_EXTENSION = app;
			};
			name = Debug;
		};
		A029137E18787EC7008A4113 /* Release */ = {
			isa = XCBuildConfiguration;
			buildSettings = {
				ASSETCATALOG_COMPILER_APPICON_NAME = AppIcon;
				ASSETCATALOG_COMPILER_LAUNCHIMAGE_NAME = LaunchImage;
				GCC_PRECOMPILE_PREFIX_HEADER = YES;
				GCC_PREFIX_HEADER = "lession20140104/lession20140104-Prefix.pch";
				INFOPLIST_FILE = "lession20140104/lession20140104-Info.plist";
				PRODUCT_NAME = "$(TARGET_NAME)";
				WRAPPER_EXTENSION = app;
			};
			name = Release;
		};
		A029138018787EC7008A4113 /* Debug */ = {
			isa = XCBuildConfiguration;
			buildSettings = {
				ARCHS = "$(ARCHS_STANDARD_INCLUDING_64_BIT)";
				BUNDLE_LOADER = "$(BUILT_PRODUCTS_DIR)/lession20140104.app/lession20140104";
				FRAMEWORK_SEARCH_PATHS = (
					"$(SDKROOT)/Developer/Library/Frameworks",
					"$(inherited)",
					"$(DEVELOPER_FRAMEWORKS_DIR)",
				);
				GCC_PRECOMPILE_PREFIX_HEADER = YES;
				GCC_PREFIX_HEADER = "lession20140104/lession20140104-Prefix.pch";
				GCC_PREPROCESSOR_DEFINITIONS = (
					"DEBUG=1",
					"$(inherited)",
				);
				INFOPLIST_FILE = "lession20140104Tests/lession20140104Tests-Info.plist";
				PRODUCT_NAME = "$(TARGET_NAME)";
				TEST_HOST = "$(BUNDLE_LOADER)";
				WRAPPER_EXTENSION = xctest;
			};
			name = Debug;
		};
		A029138118787EC7008A4113 /* Release */ = {
			isa = XCBuildConfiguration;
			buildSettings = {
				ARCHS = "$(ARCHS_STANDARD_INCLUDING_64_BIT)";
				BUNDLE_LOADER = "$(BUILT_PRODUCTS_DIR)/lession20140104.app/lession20140104";
				FRAMEWORK_SEARCH_PATHS = (
					"$(SDKROOT)/Developer/Library/Frameworks",
					"$(inherited)",
					"$(DEVELOPER_FRAMEWORKS_DIR)",
				);
				GCC_PRECOMPILE_PREFIX_HEADER = YES;
				GCC_PREFIX_HEADER = "lession20140104/lession20140104-Prefix.pch";
				INFOPLIST_FILE = "lession20140104Tests/lession20140104Tests-Info.plist";
				PRODUCT_NAME = "$(TARGET_NAME)";
				TEST_HOST = "$(BUNDLE_LOADER)";
				WRAPPER_EXTENSION = xctest;
			};
			name = Release;
		};
/* End XCBuildConfiguration section */

/* Begin XCConfigurationList section */
		A029134518787EC7008A4113 /* Build configuration list for PBXProject "lession20140104" */ = {
			isa = XCConfigurationList;
			buildConfigurations = (
				A029137A18787EC7008A4113 /* Debug */,
				A029137B18787EC7008A4113 /* Release */,
			);
			defaultConfigurationIsVisible = 0;
			defaultConfigurationName = Release;
		};
		A029137C18787EC7008A4113 /* Build configuration list for PBXNativeTarget "lession20140104" */ = {
			isa = XCConfigurationList;
			buildConfigurations = (
				A029137D18787EC7008A4113 /* Debug */,
				A029137E18787EC7008A4113 /* Release */,
			);
			defaultConfigurationIsVisible = 0;
			defaultConfigurationName = Release;
		};
		A029137F18787EC7008A4113 /* Build configuration list for PBXNativeTarget "lession20140104Tests" */ = {
			isa = XCConfigurationList;
			buildConfigurations = (
				A029138018787EC7008A4113 /* Debug */,
				A029138118787EC7008A4113 /* Release */,
			);
			defaultConfigurationIsVisible = 0;
			defaultConfigurationName = Release;
		};
/* End XCConfigurationList section */
	};
	rootObject = A029134218787EC7008A4113 /* Project object */;
}
